
Microsoft Visual Studio Solution File, Format Version 12.00
# Visual Studio Version 17
VisualStudioVersion = 17.4.33122.133
MinimumVisualStudioVersion = 10.0.40219.1
Project("{9A19103F-16F7-4668-BE54-9A1E7A4F7556}") = "Asp.Net.MVC", "Asp.Net.MVC\Asp.Net.MVC.csproj", "{0920577F-A83F-4940-8914-FB56717D3AF5}"
EndProject
Project("{9A19103F-16F7-4668-BE54-9A1E7A4F7556}") = "Orders.DAL", "Orders.DAL\Orders.DAL.csproj", "{84B25F06-CB03-486D-8646-0FF0A7B29D01}"
EndProject
Project("{9A19103F-16F7-4668-BE54-9A1E7A4F7556}") = "Lesson6", "Lesson6\Lesson6.csproj", "{FD4F97B8-5E62-49A2-91B8-60BBDBD64303}"
EndProject
Project("{9A19103F-16F7-4668-BE54-9A1E7A4F7556}") = "Lesson7", "Lesson7\Lesson7.csproj", "{734E7D15-8B8B-4990-B0A1-D46C6A75C520}"
EndProject
Project("{FAE04EC0-301F-11D3-BF4B-00C04F79EFBC}") = "Lesson8", "Lesson8\Lesson8.csproj", "{B115870F-0F72-43A5-B5EB-2E85F9912E6B}"
EndProject
Project("{FAE04EC0-301F-11D3-BF4B-00C04F79EFBC}") = "WebApplicationSample", "WebApplicationSample\WebApplicationSample.csproj", "{BB76D96F-E774-4E40-AB93-77C87DECA6A3}"
EndProject
Global
	GlobalSection(SolutionConfigurationPlatforms) = preSolution
		Debug|Any CPU = Debug|Any CPU
		Release|Any CPU = Release|Any CPU
	EndGlobalSection
	GlobalSection(ProjectConfigurationPlatforms) = postSolution
		{0920577F-A83F-4940-8914-FB56717D3AF5}.Debug|Any CPU.ActiveCfg = Debug|Any CPU
		{0920577F-A83F-4940-8914-FB56717D3AF5}.Debug|Any CPU.Build.0 = Debug|Any CPU
		{0920577F-A83F-4940-8914-FB56717D3AF5}.Release|Any CPU.ActiveCfg = Release|Any CPU
		{0920577F-A83F-4940-8914-FB56717D3AF5}.Release|Any CPU.Build.0 = Release|Any CPU
		{84B25F06-CB03-486D-8646-0FF0A7B29D01}.Debug|Any CPU.ActiveCfg = Debug|Any CPU
		{84B25F06-CB03-486D-8646-0FF0A7B29D01}.Debug|Any CPU.Build.0 = Debug|Any CPU
		{84B25F06-CB03-486D-8646-0FF0A7B29D01}.Release|Any CPU.ActiveCfg = Release|Any CPU
		{84B25F06-CB03-486D-8646-0FF0A7B29D01}.Release|Any CPU.Build.0 = Release|Any CPU
		{FD4F97B8-5E62-49A2-91B8-60BBDBD64303}.Debug|Any CPU.ActiveCfg = Debug|Any CPU
		{FD4F97B8-5E62-49A2-91B8-60BBDBD64303}.Debug|Any CPU.Build.0 = Debug|Any CPU
		{FD4F97B8-5E62-49A2-91B8-60BBDBD64303}.Release|Any CPU.ActiveCfg = Release|Any CPU
		{FD4F97B8-5E62-49A2-91B8-60BBDBD64303}.Release|Any CPU.Build.0 = Release|Any CPU
		{734E7D15-8B8B-4990-B0A1-D46C6A75C520}.Debug|Any CPU.ActiveCfg = Debug|Any CPU
		{734E7D15-8B8B-4990-B0A1-D46C6A75C520}.Debug|Any CPU.Build.0 = Debug|Any CPU
		{734E7D15-8B8B-4990-B0A1-D46C6A75C520}.Release|Any CPU.ActiveCfg = Release|Any CPU
		{734E7D15-8B8B-4990-B0A1-D46C6A75C520}.Release|Any CPU.Build.0 = Release|Any CPU
		{B115870F-0F72-43A5-B5EB-2E85F9912E6B}.Debug|Any CPU.ActiveCfg = Debug|Any CPU
		{B115870F-0F72-43A5-B5EB-2E85F9912E6B}.Debug|Any CPU.Build.0 = Debug|Any CPU
		{B115870F-0F72-43A5-B5EB-2E85F9912E6B}.Release|Any CPU.ActiveCfg = Release|Any CPU
		{B115870F-0F72-43A5-B5EB-2E85F9912E6B}.Release|Any CPU.Build.0 = Release|Any CPU
		{BB76D96F-E774-4E40-AB93-77C87DECA6A3}.Debug|Any CPU.ActiveCfg = Debug|Any CPU
		{BB76D96F-E774-4E40-AB93-77C87DECA6A3}.Debug|Any CPU.Build.0 = Debug|Any CPU
		{BB76D96F-E774-4E40-AB93-77C87DECA6A3}.Release|Any CPU.ActiveCfg = Release|Any CPU
		{BB76D96F-E774-4E40-AB93-77C87DECA6A3}.Release|Any CPU.Build.0 = Release|Any CPU
	EndGlobalSection
	GlobalSection(SolutionProperties) = preSolution
		HideSolutionNode = FALSE
	EndGlobalSection
	GlobalSection(ExtensibilityGlobals) = postSolution
		SolutionGuid = {DA10A2D2-740C-4116-B6C9-E35CEF2F8751}
	EndGlobalSection
EndGlobal
